
Microsoft Visual Studio Solution File, Format Version 12.00
# Visual Studio 15
VisualStudioVersion = 15.0.28010.2026
MinimumVisualStudioVersion = 10.0.40219.1
Project("{FAE04EC0-301F-11D3-BF4B-00C04F79EFBC}") = "Eynon.FilterGrid", "Eynon.FilterGrid\Eynon.FilterGrid.csproj", "{7CE247A3-3CFB-49E9-B6B4-CE7C2903473A}"
EndProject
Project("{FAE04EC0-301F-11D3-BF4B-00C04F79EFBC}") = "Eynon.Sample", "Eynon.Sample\Eynon.Sample.csproj", "{A5C29153-115A-4AC4-8BD8-D3EB6C358BDA}"
EndProject
Project("{FAE04EC0-301F-11D3-BF4B-00C04F79EFBC}") = "Eynon.SampleDAL", "Eynon.SampleDAL\Eynon.SampleDAL.csproj", "{CCB8950B-C630-481A-8234-7497E9EFCEF3}"
EndProject
Global
	GlobalSection(SolutionConfigurationPlatforms) = preSolution
		Debug|Any CPU = Debug|Any CPU
		Release|Any CPU = Release|Any CPU
	EndGlobalSection
	GlobalSection(ProjectConfigurationPlatforms) = postSolution
		{7CE247A3-3CFB-49E9-B6B4-CE7C2903473A}.Debug|Any CPU.ActiveCfg = Debug|Any CPU
		{7CE247A3-3CFB-49E9-B6B4-CE7C2903473A}.Debug|Any CPU.Build.0 = Debug|Any CPU
		{7CE247A3-3CFB-49E9-B6B4-CE7C2903473A}.Release|Any CPU.ActiveCfg = Release|Any CPU
		{7CE247A3-3CFB-49E9-B6B4-CE7C2903473A}.Release|Any CPU.Build.0 = Release|Any CPU
		{A5C29153-115A-4AC4-8BD8-D3EB6C358BDA}.Debug|Any CPU.ActiveCfg = Debug|Any CPU
		{A5C29153-115A-4AC4-8BD8-D3EB6C358BDA}.Debug|Any CPU.Build.0 = Debug|Any CPU
		{A5C29153-115A-4AC4-8BD8-D3EB6C358BDA}.Release|Any CPU.ActiveCfg = Release|Any CPU
		{A5C29153-115A-4AC4-8BD8-D3EB6C358BDA}.Release|Any CPU.Build.0 = Release|Any CPU
		{CCB8950B-C630-481A-8234-7497E9EFCEF3}.Debug|Any CPU.ActiveCfg = Debug|Any CPU
		{CCB8950B-C630-481A-8234-7497E9EFCEF3}.Debug|Any CPU.Build.0 = Debug|Any CPU
		{CCB8950B-C630-481A-8234-7497E9EFCEF3}.Release|Any CPU.ActiveCfg = Release|Any CPU
		{CCB8950B-C630-481A-8234-7497E9EFCEF3}.Release|Any CPU.Build.0 = Release|Any CPU
	EndGlobalSection
	GlobalSection(SolutionProperties) = preSolution
		HideSolutionNode = FALSE
	EndGlobalSection
	GlobalSection(ExtensibilityGlobals) = postSolution
		SolutionGuid = {3D89CBBB-AAD6-4202-B8DF-FFC10E05A197}
	EndGlobalSection
EndGlobal
